
Microsoft Visual Studio Solution File, Format Version 12.00
# Visual Studio Version 17
VisualStudioVersion = 17.5.33516.290
MinimumVisualStudioVersion = 10.0.40219.1
Project("{2150E333-8FDC-42A3-9474-1A3956D46DE8}") = "app", "app", "{7F1E93F6-65AA-427B-9854-899CE0F7F8DE}"
EndProject
Project("{2150E333-8FDC-42A3-9474-1A3956D46DE8}") = "core", "core", "{65AA8238-E062-4B7C-8E20-972C3BEE442D}"
EndProject
Project("{FAE04EC0-301F-11D3-BF4B-00C04F79EFBC}") = "Sovos.CaseStudy.Api", "app\Sovos.CaseStudy.Api\Sovos.CaseStudy.Api.csproj", "{0F48F1D8-610C-4328-8006-8FD820E7BADD}"
EndProject
Project("{FAE04EC0-301F-11D3-BF4B-00C04F79EFBC}") = "Sovos.CaseStudy.Domain", "app\Sovos.CaseStudy.Domain\Sovos.CaseStudy.Domain.csproj", "{4FCEFE0C-7820-452F-834E-92EE72433CFE}"
EndProject
Project("{FAE04EC0-301F-11D3-BF4B-00C04F79EFBC}") = "Sovos.CaseStudy.Persistence", "app\Sovos.CaseStudy.Persistence\Sovos.CaseStudy.Persistence.csproj", "{5ED6C07F-E09F-4EC1-B5D9-3071D374B5BC}"
EndProject
Project("{FAE04EC0-301F-11D3-BF4B-00C04F79EFBC}") = "Sovos.CaseStudy.Application", "app\Sovos.CaseStudy.Application\Sovos.CaseStudy.Application.csproj", "{663EA810-8FFB-453C-BFE4-E671DADAAB22}"
EndProject
Project("{FAE04EC0-301F-11D3-BF4B-00C04F79EFBC}") = "Core.Application", "core\Core.Application\Core.Application.csproj", "{B48B78EA-DAA0-44FA-913E-8C6EC0FE527D}"
EndProject
Project("{FAE04EC0-301F-11D3-BF4B-00C04F79EFBC}") = "Core.Persistence", "core\Core.Persistence\Core.Persistence.csproj", "{93516D06-011A-4C57-B932-FE5EC2366A99}"
EndProject
Project("{FAE04EC0-301F-11D3-BF4B-00C04F79EFBC}") = "Core.CrossCuttingConcerns", "core\Core.CrossCuttingConcerns\Core.CrossCuttingConcerns.csproj", "{AB91F914-F27F-4B53-9D54-EE3D8DFA78AB}"
EndProject
Project("{FAE04EC0-301F-11D3-BF4B-00C04F79EFBC}") = "Core.Mailing", "Core.Mailing\Core.Mailing.csproj", "{DF73A746-6761-4973-8751-CC625D2BD3A9}"
EndProject
Global
	GlobalSection(SolutionConfigurationPlatforms) = preSolution
		Debug|Any CPU = Debug|Any CPU
		Release|Any CPU = Release|Any CPU
	EndGlobalSection
	GlobalSection(ProjectConfigurationPlatforms) = postSolution
		{0F48F1D8-610C-4328-8006-8FD820E7BADD}.Debug|Any CPU.ActiveCfg = Debug|Any CPU
		{0F48F1D8-610C-4328-8006-8FD820E7BADD}.Debug|Any CPU.Build.0 = Debug|Any CPU
		{0F48F1D8-610C-4328-8006-8FD820E7BADD}.Release|Any CPU.ActiveCfg = Release|Any CPU
		{0F48F1D8-610C-4328-8006-8FD820E7BADD}.Release|Any CPU.Build.0 = Release|Any CPU
		{4FCEFE0C-7820-452F-834E-92EE72433CFE}.Debug|Any CPU.ActiveCfg = Debug|Any CPU
		{4FCEFE0C-7820-452F-834E-92EE72433CFE}.Debug|Any CPU.Build.0 = Debug|Any CPU
		{4FCEFE0C-7820-452F-834E-92EE72433CFE}.Release|Any CPU.ActiveCfg = Release|Any CPU
		{4FCEFE0C-7820-452F-834E-92EE72433CFE}.Release|Any CPU.Build.0 = Release|Any CPU
		{5ED6C07F-E09F-4EC1-B5D9-3071D374B5BC}.Debug|Any CPU.ActiveCfg = Debug|Any CPU
		{5ED6C07F-E09F-4EC1-B5D9-3071D374B5BC}.Debug|Any CPU.Build.0 = Debug|Any CPU
		{5ED6C07F-E09F-4EC1-B5D9-3071D374B5BC}.Release|Any CPU.ActiveCfg = Release|Any CPU
		{5ED6C07F-E09F-4EC1-B5D9-3071D374B5BC}.Release|Any CPU.Build.0 = Release|Any CPU
		{663EA810-8FFB-453C-BFE4-E671DADAAB22}.Debug|Any CPU.ActiveCfg = Debug|Any CPU
		{663EA810-8FFB-453C-BFE4-E671DADAAB22}.Debug|Any CPU.Build.0 = Debug|Any CPU
		{663EA810-8FFB-453C-BFE4-E671DADAAB22}.Release|Any CPU.ActiveCfg = Release|Any CPU
		{663EA810-8FFB-453C-BFE4-E671DADAAB22}.Release|Any CPU.Build.0 = Release|Any CPU
		{B48B78EA-DAA0-44FA-913E-8C6EC0FE527D}.Debug|Any CPU.ActiveCfg = Debug|Any CPU
		{B48B78EA-DAA0-44FA-913E-8C6EC0FE527D}.Debug|Any CPU.Build.0 = Debug|Any CPU
		{B48B78EA-DAA0-44FA-913E-8C6EC0FE527D}.Release|Any CPU.ActiveCfg = Release|Any CPU
		{B48B78EA-DAA0-44FA-913E-8C6EC0FE527D}.Release|Any CPU.Build.0 = Release|Any CPU
		{93516D06-011A-4C57-B932-FE5EC2366A99}.Debug|Any CPU.ActiveCfg = Debug|Any CPU
		{93516D06-011A-4C57-B932-FE5EC2366A99}.Debug|Any CPU.Build.0 = Debug|Any CPU
		{93516D06-011A-4C57-B932-FE5EC2366A99}.Release|Any CPU.ActiveCfg = Release|Any CPU
		{93516D06-011A-4C57-B932-FE5EC2366A99}.Release|Any CPU.Build.0 = Release|Any CPU
		{AB91F914-F27F-4B53-9D54-EE3D8DFA78AB}.Debug|Any CPU.ActiveCfg = Debug|Any CPU
		{AB91F914-F27F-4B53-9D54-EE3D8DFA78AB}.Debug|Any CPU.Build.0 = Debug|Any CPU
		{AB91F914-F27F-4B53-9D54-EE3D8DFA78AB}.Release|Any CPU.ActiveCfg = Release|Any CPU
		{AB91F914-F27F-4B53-9D54-EE3D8DFA78AB}.Release|Any CPU.Build.0 = Release|Any CPU
		{DF73A746-6761-4973-8751-CC625D2BD3A9}.Debug|Any CPU.ActiveCfg = Debug|Any CPU
		{DF73A746-6761-4973-8751-CC625D2BD3A9}.Debug|Any CPU.Build.0 = Debug|Any CPU
		{DF73A746-6761-4973-8751-CC625D2BD3A9}.Release|Any CPU.ActiveCfg = Release|Any CPU
		{DF73A746-6761-4973-8751-CC625D2BD3A9}.Release|Any CPU.Build.0 = Release|Any CPU
	EndGlobalSection
	GlobalSection(SolutionProperties) = preSolution
		HideSolutionNode = FALSE
	EndGlobalSection
	GlobalSection(NestedProjects) = preSolution
		{0F48F1D8-610C-4328-8006-8FD820E7BADD} = {7F1E93F6-65AA-427B-9854-899CE0F7F8DE}
		{4FCEFE0C-7820-452F-834E-92EE72433CFE} = {7F1E93F6-65AA-427B-9854-899CE0F7F8DE}
		{5ED6C07F-E09F-4EC1-B5D9-3071D374B5BC} = {7F1E93F6-65AA-427B-9854-899CE0F7F8DE}
		{663EA810-8FFB-453C-BFE4-E671DADAAB22} = {7F1E93F6-65AA-427B-9854-899CE0F7F8DE}
		{B48B78EA-DAA0-44FA-913E-8C6EC0FE527D} = {65AA8238-E062-4B7C-8E20-972C3BEE442D}
		{93516D06-011A-4C57-B932-FE5EC2366A99} = {65AA8238-E062-4B7C-8E20-972C3BEE442D}
		{AB91F914-F27F-4B53-9D54-EE3D8DFA78AB} = {65AA8238-E062-4B7C-8E20-972C3BEE442D}
		{DF73A746-6761-4973-8751-CC625D2BD3A9} = {65AA8238-E062-4B7C-8E20-972C3BEE442D}
	EndGlobalSection
	GlobalSection(ExtensibilityGlobals) = postSolution
		SolutionGuid = {14AB2546-0CE5-4F45-BA68-9CA442ECAABA}
	EndGlobalSection
EndGlobal
